
Microsoft Visual Studio Solution File, Format Version 12.00
# Visual Studio 15
VisualStudioVersion = 15.0.28307.136
MinimumVisualStudioVersion = 10.0.40219.1
Project("{FAE04EC0-301F-11D3-BF4B-00C04F79EFBC}") = "IntervalTimerApp", "TimerApp\IntervalTimerApp.csproj", "{D1933E95-F17D-47B3-8D83-84FE7DBD36C9}"
EndProject
Global
	GlobalSection(SolutionConfigurationPlatforms) = preSolution
		Debug|Any CPU = Debug|Any CPU
		Release|Any CPU = Release|Any CPU
	EndGlobalSection
	GlobalSection(ProjectConfigurationPlatforms) = postSolution
		{D1933E95-F17D-47B3-8D83-84FE7DBD36C9}.Debug|Any CPU.ActiveCfg = Debug|Any CPU
		{D1933E95-F17D-47B3-8D83-84FE7DBD36C9}.Debug|Any CPU.Build.0 = Debug|Any CPU
		{D1933E95-F17D-47B3-8D83-84FE7DBD36C9}.Release|Any CPU.ActiveCfg = Release|Any CPU
		{D1933E95-F17D-47B3-8D83-84FE7DBD36C9}.Release|Any CPU.Build.0 = Release|Any CPU
	EndGlobalSection
	GlobalSection(SolutionProperties) = preSolution
		HideSolutionNode = FALSE
	EndGlobalSection
	GlobalSection(ExtensibilityGlobals) = postSolution
		SolutionGuid = {B08B12A0-2704-4E24-AE16-8035271549FA}
	EndGlobalSection
EndGlobal
